// !$*UTF8*$!
{
	archiveVersion = 1;
	classes = {
	};
	objectVersion = 56;
	objects = {

/* Begin PBXBuildFile section */
		CCED0F299F8B48B9B6E4A2A5 /* InputProvider.swift in Sources */ = {isa = PBXBuildFile; fileRef = 001B5B94B45D40BE885EFD05 /* InputProvider.swift */; };
		2CC5CA980CAD437ABAC12053 /* InputManager.swift in Sources */ = {isa = PBXBuildFile; fileRef = 8B046179143E4CED9A7F3927 /* InputManager.swift */; };
		8247A2FE17CC49F8913C081D /* HUDManager.swift in Sources */ = {isa = PBXBuildFile; fileRef = 72E1235A722943B38F02031F /* HUDManager.swift */; };
		C6FF39D58FE54BFDBD37DCA6 /* InputProvider.swift in Sources */ = {isa = PBXBuildFile; fileRef = D48C7EFBA16B4E63A74EBC4B /* InputProvider.swift */; };
		F70A464B3CD048E3BE34FDE3 /* InputManager.swift in Sources */ = {isa = PBXBuildFile; fileRef = 79B26DC3BE2442DCADB9253D /* InputManager.swift */; };
		085B4AB8003B465398DAB2F0 /* GameScene3D.swift in Sources */ = {isa = PBXBuildFile; fileRef = 085B4AB8003B465398DAB2EF /* GameScene3D.swift */; };
		FD2EB4EF814B4723BC4494C7 /* GameConstants.swift in Sources */ = {isa = PBXBuildFile; fileRef = BAF9487F65354EF29BE76814 /* GameConstants.swift */; };
		0CB7AF872EC798C200388210 /* LeaderboardScene3D.swift in Sources */ = {isa = PBXBuildFile; fileRef = 0CB7AF842EC798C200388210 /* LeaderboardScene3D.swift */; };
		0CB7AF882EC798C200388210 /* MainNavigationController.swift in Sources */ = {isa = PBXBuildFile; fileRef = 0CB7AF852EC798C200388210 /* MainNavigationController.swift */; };
		0CB7AF892EC798C200388210 /* TitleScene3D.swift in Sources */ = {isa = PBXBuildFile; fileRef = 0CB7AF862EC798C200388210 /* TitleScene3D.swift */; };
		0CB7AF8A2EC798C200388210 /* GameCenterManager.swift in Sources */ = {isa = PBXBuildFile; fileRef = 0CB7AF832EC798C200388210 /* GameCenterManager.swift */; };
		0CB7AF8B2EC798C200388210 /* AboutScene3D.swift in Sources */ = {isa = PBXBuildFile; fileRef = 0CB7AF822EC798C200388210 /* AboutScene3D.swift */; };
		7038269C001F40A19E912B72 /* AppDelegate3D.swift in Sources */ = {isa = PBXBuildFile; fileRef = 7038269C001F40A19E912B71 /* AppDelegate3D.swift */; };
		9B3C8709002A41139AE80306 /* GameViewController3D.swift in Sources */ = {isa = PBXBuildFile; fileRef = 9B3C8709002A41139AE80305 /* GameViewController3D.swift */; };
		AA123456789ABCDEF0123456 /* ant_attack_original.json in Resources */ = {isa = PBXBuildFile; fileRef = AA123456789ABCDEF0123455 /* ant_attack_original.json */; };
		CF123456789ABCDEF0123456 /* ConfigManager.swift in Sources */ = {isa = PBXBuildFile; fileRef = CF123456789ABCDEF0123455 /* ConfigManager.swift */; };
		D9E9730A004C4AACA7FB2D40 /* CityMap3D.swift in Sources */ = {isa = PBXBuildFile; fileRef = D9E9730A004C4AACA7FB2D3F /* CityMap3D.swift */; };
		EB123456789ABCDEF0123456 /* EnemyBall.swift in Sources */ = {isa = PBXBuildFile; fileRef = EB123456789ABCDEF0123455 /* EnemyBall.swift */; };
		HO123456789ABCDEF0123456 /* Hostage.swift in Sources */ = {isa = PBXBuildFile; fileRef = HO123456789ABCDEF0123455 /* Hostage.swift */; };		346435613163373830393966 /* GKGameCenterConfiguration.plist in Resources */ = {isa = PBXBuildFile; fileRef = 323662323334303735633133 /* GKGameCenterConfiguration.plist */; };


		LS1234567890ABCDEF02 /* LaunchScreen.storyboard in Resources */ = {isa = PBXBuildFile; fileRef = LS1234567890ABCDEF01 /* LaunchScreen.storyboard */; };
		9AFF243FA13644ADABBB0060 /* GameSystem.swift in Sources */ = {isa = PBXBuildFile; fileRef = 00BA5AE5B70645AD8B25245F /* GameSystem.swift */; };
		5B328E38AB2D48A6811D79E0 /* CameraSystem.swift in Sources */ = {isa = PBXBuildFile; fileRef = 14049DDA868A46C1A42E14DA /* CameraSystem.swift */; };
		9DC8C5201340431C829C9993 /* PhysicsSystem.swift in Sources */ = {isa = PBXBuildFile; fileRef = C3A6F5E3762248BB9038FD62 /* PhysicsSystem.swift */; };
		89A60E1785E8419699FCE362 /* AISystem.swift in Sources */ = {isa = PBXBuildFile; fileRef = 45D9330FF5C54B7C994D778D /* AISystem.swift */; };
		D3539622C7824CBD9015AE77 /* GameStateSystem.swift in Sources */ = {isa = PBXBuildFile; fileRef = 4DDF60B63FE041B09FC8A3E4 /* GameStateSystem.swift */; };
		F5CEF05962F8454EBE433357 /* SpawnSystem.swift in Sources */ = {isa = PBXBuildFile; fileRef = BD9C284AE96C4C709D97F052 /* SpawnSystem.swift */; };
		/* End PBXBuildFile section */

/* Begin PBXFileReference section */
		001B5B94B45D40BE885EFD05 /* InputProvider.swift */ = {isa = PBXFileReference; lastKnownFileType = sourcecode.swift; path = InputProvider.swift; sourceTree = "<group>"; };
		8B046179143E4CED9A7F3927 /* InputManager.swift */ = {isa = PBXFileReference; lastKnownFileType = sourcecode.swift; path = InputManager.swift; sourceTree = "<group>"; };
		72E1235A722943B38F02031F /* HUDManager.swift */ = {isa = PBXFileReference; lastKnownFileType = sourcecode.swift; path = HUDManager.swift; sourceTree = "<group>"; };
		D48C7EFBA16B4E63A74EBC4B /* InputProvider.swift */ = {isa = PBXFileReference; lastKnownFileType = sourcecode.swift; path = InputProvider.swift; sourceTree = "<group>"; };
		79B26DC3BE2442DCADB9253D /* InputManager.swift */ = {isa = PBXFileReference; lastKnownFileType = sourcecode.swift; path = InputManager.swift; sourceTree = "<group>"; };
		085B4AB8003B465398DAB2EF /* GameScene3D.swift */ = {isa = PBXFileReference; lastKnownFileType = sourcecode.swift; path = Scenes/GameScene3D.swift; sourceTree = "<group>"; };
		BAF9487F65354EF29BE76814 /* GameConstants.swift */ = {isa = PBXFileReference; lastKnownFileType = sourcecode.swift; path = Core/GameConstants.swift; sourceTree = "<group>"; };
		0C9D6469006E49198136897C /* Info.plist */ = {isa = PBXFileReference; lastKnownFileType = text.plist.xml; path = Info.plist; sourceTree = "<group>"; };
		0CB7AF822EC798C200388210 /* AboutScene3D.swift */ = {isa = PBXFileReference; lastKnownFileType = sourcecode.swift; path = Scenes/AboutScene3D.swift; sourceTree = "<group>"; };
		0CB7AF832EC798C200388210 /* GameCenterManager.swift */ = {isa = PBXFileReference; lastKnownFileType = sourcecode.swift; path = Services/GameCenterManager.swift; sourceTree = "<group>"; };
		0CB7AF842EC798C200388210 /* LeaderboardScene3D.swift */ = {isa = PBXFileReference; lastKnownFileType = sourcecode.swift; path = Scenes/LeaderboardScene3D.swift; sourceTree = "<group>"; };
		0CB7AF852EC798C200388210 /* MainNavigationController.swift */ = {isa = PBXFileReference; lastKnownFileType = sourcecode.swift; path = App/MainNavigationController.swift; sourceTree = "<group>"; };
		0CB7AF862EC798C200388210 /* TitleScene3D.swift */ = {isa = PBXFileReference; lastKnownFileType = sourcecode.swift; path = Scenes/TitleScene3D.swift; sourceTree = "<group>"; };
		0CB7AF8C2EC79DD900388210 /* AntAttack3DDebug.entitlements */ = {isa = PBXFileReference; lastKnownFileType = text.plist.entitlements; path = AntAttack3DDebug.entitlements; sourceTree = "<group>"; };
		0CB7AF8D2EC79DF900388210 /* AntAttack3D.entitlements */ = {isa = PBXFileReference; lastKnownFileType = text.plist.entitlements; path = AntAttack3D.entitlements; sourceTree = "<group>"; };
		5E869283MAIN4E68B12A3C8B /* AntAttack3D.app */ = {isa = PBXFileReference; explicitFileType = wrapper.application; includeInIndex = 0; path = AntAttack3D.app; sourceTree = BUILT_PRODUCTS_DIR; };
		7038269C001F40A19E912B71 /* AppDelegate3D.swift */ = {isa = PBXFileReference; lastKnownFileType = sourcecode.swift; path = App/AppDelegate3D.swift; sourceTree = "<group>"; };
		9B3C8709002A41139AE80305 /* GameViewController3D.swift */ = {isa = PBXFileReference; lastKnownFileType = sourcecode.swift; path = ViewControllers/GameViewController3D.swift; sourceTree = "<group>"; };
		AA123456789ABCDEF0123455 /* ant_attack_original.json */ = {isa = PBXFileReference; lastKnownFileType = text.json; path = ant_attack_original.json; sourceTree = "<group>"; };
		CF123456789ABCDEF0123455 /* ConfigManager.swift */ = {isa = PBXFileReference; lastKnownFileType = sourcecode.swift; path = Services/ConfigManager.swift; sourceTree = "<group>"; };
		D9E9730A004C4AACA7FB2D3F /* CityMap3D.swift */ = {isa = PBXFileReference; lastKnownFileType = sourcecode.swift; path = World/CityMap3D.swift; sourceTree = "<group>"; };
		EB123456789ABCDEF0123455 /* EnemyBall.swift */ = {isa = PBXFileReference; lastKnownFileType = sourcecode.swift; path = Entities/EnemyBall.swift; sourceTree = "<group>"; };
		HO123456789ABCDEF0123455 /* Hostage.swift */ = {isa = PBXFileReference; lastKnownFileType = sourcecode.swift; path = Entities/Hostage.swift; sourceTree = "<group>"; };		323662323334303735633133 /* GKGameCenterConfiguration.plist */ = {isa = PBXFileReference; lastKnownFileType = text.plist.xml; path = GKGameCenterConfiguration.plist; sourceTree = "<group>"; };


		LS1234567890ABCDEF01 /* LaunchScreen.storyboard */ = {isa = PBXFileReference; lastKnownFileType = file.storyboard; path = LaunchScreen.storyboard; sourceTree = "<group>"; };
		00BA5AE5B70645AD8B25245F /* GameSystem.swift */ = {isa = PBXFileReference; lastKnownFileType = sourcecode.swift; path = GameSystem.swift; sourceTree = "<group>"; };
		14049DDA868A46C1A42E14DA /* CameraSystem.swift */ = {isa = PBXFileReference; lastKnownFileType = sourcecode.swift; path = CameraSystem.swift; sourceTree = "<group>"; };
		C3A6F5E3762248BB9038FD62 /* PhysicsSystem.swift */ = {isa = PBXFileReference; lastKnownFileType = sourcecode.swift; path = PhysicsSystem.swift; sourceTree = "<group>"; };
		45D9330FF5C54B7C994D778D /* AISystem.swift */ = {isa = PBXFileReference; lastKnownFileType = sourcecode.swift; path = AISystem.swift; sourceTree = "<group>"; };
		4DDF60B63FE041B09FC8A3E4 /* GameStateSystem.swift */ = {isa = PBXFileReference; lastKnownFileType = sourcecode.swift; path = GameStateSystem.swift; sourceTree = "<group>"; };
		BD9C284AE96C4C709D97F052 /* SpawnSystem.swift */ = {isa = PBXFileReference; lastKnownFileType = sourcecode.swift; path = SpawnSystem.swift; sourceTree = "<group>"; };
		/* End PBXFileReference section */

/* Begin PBXFrameworksBuildPhase section */
		7954FF11007F4135908D5471 /* Frameworks */ = {
			isa = PBXFrameworksBuildPhase;
			buildActionMask = 2147483647;
			files = (
			);
			runOnlyForDeploymentPostprocessing = 0;
		};
/* End PBXFrameworksBuildPhase section */

/* Begin PBXGroup section */

		94ED6C3A892941F2BC208F08 /* Input */ = {
			isa = PBXGroup;
			children = (
				001B5B94B45D40BE885EFD05 /* InputProvider.swift */,
				8B046179143E4CED9A7F3927 /* InputManager.swift */,
			);
			path = Input;
			sourceTree = "<group>";
		};
		D5130C81A8C44DC7B6B05230 /* UI */ = {
			isa = PBXGroup;
			children = (
				72E1235A722943B38F02031F /* HUDManager.swift */,
			);
			path = UI;
			sourceTree = "<group>";
		};
		54B30E44DEA444479187AF16 /* Input */ = {
			isa = PBXGroup;
			children = (
				D48C7EFBA16B4E63A74EBC4B /* InputProvider.swift */,
				79B26DC3BE2442DCADB9253D /* InputManager.swift */,
			);
			path = Input;
			sourceTree = "<group>";
		};		1C40C39400A1428E8B1D02F9 /* AntAttack3D */ = {
			isa = PBXGroup;
			children = (
				0CB7AF8D2EC79DF900388210 /* AntAttack3D.entitlements */,
				0CB7AF8C2EC79DD900388210 /* AntAttack3DDebug.entitlements */,
				0CB7AF822EC798C200388210 /* AboutScene3D.swift */,
				0CB7AF832EC798C200388210 /* GameCenterManager.swift */,
				0CB7AF842EC798C200388210 /* LeaderboardScene3D.swift */,
				0CB7AF852EC798C200388210 /* MainNavigationController.swift */,
				0CB7AF862EC798C200388210 /* TitleScene3D.swift */,
				7038269C001F40A19E912B71 /* AppDelegate3D.swift */,
				9B3C8709002A41139AE80305 /* GameViewController3D.swift */,
				085B4AB8003B465398DAB2EF /* GameScene3D.swift */,
				BAF9487F65354EF29BE76814 /* GameConstants.swift */,
				D9E9730A004C4AACA7FB2D3F /* CityMap3D.swift */,
				CF123456789ABCDEF0123455 /* ConfigManager.swift */,
				EB123456789ABCDEF0123455 /* EnemyBall.swift */,
				HO123456789ABCDEF0123455 /* Hostage.swift */,
				AA123456789ABCDEF0123455 /* ant_attack_original.json */,
				0C9D6469006E49198136897C /* Info.plist */,
				323662323334303735633133 /* GKGameCenterConfiguration.plist */,
			
				LS1234567890ABCDEF01 /* LaunchScreen.storyboard */,				F87793B6719F464AAC5E9348 /* Systems */,
				54B30E44DEA444479187AF16 /* Input */,
				D5130C81A8C44DC7B6B05230 /* UI */,
				94ED6C3A892941F2BC208F08 /* Input */,
);
			path = AntAttack3D;
			sourceTree = "<group>";
		};
		AEAC2E8900904CDF80853F55 = {
			isa = PBXGroup;
			children = (
				1C40C39400A1428E8B1D02F9 /* AntAttack3D */,
				F77C6F8400B241C09130B74D /* Products */,
			);
			sourceTree = "<group>";
		};
		F77C6F8400B241C09130B74D /* Products */ = {
			isa = PBXGroup;
			children = (
				5E869283MAIN4E68B12A3C8B /* AntAttack3D.app */,
			);
			name = Products;
			sourceTree = "<group>";
		};

		F87793B6719F464AAC5E9348 /* Systems */ = {
			isa = PBXGroup;
			children = (
				00BA5AE5B70645AD8B25245F /* GameSystem.swift */,
				14049DDA868A46C1A42E14DA /* CameraSystem.swift */,
				C3A6F5E3762248BB9038FD62 /* PhysicsSystem.swift */,
				45D9330FF5C54B7C994D778D /* AISystem.swift */,
				4DDF60B63FE041B09FC8A3E4 /* GameStateSystem.swift */,
				BD9C284AE96C4C709D97F052 /* SpawnSystem.swift */,
			);
			path = Systems;
			sourceTree = "<group>";
			};
	/* End PBXGroup section */

/* Begin PBXNativeTarget section */
		28C508D000C3433583C273E5 /* AntAttack3D */ = {
			isa = PBXNativeTarget;
			buildConfigurationList = C1ACF4B400D4CE79FB5E9C26 /* Build configuration list for PBXNativeTarget "AntAttack3D" */;
			buildPhases = (
				F0E8FDFA00E5DAD4BDAA1D5A /* Sources */,
				7954FF11007F4135908D5471 /* Frameworks */,
				BAEE2E6D00F6457580A320E2 /* Resources */,
			);
			buildRules = (
			);
			dependencies = (
			);
			name = AntAttack3D;
			productName = AntAttack3D;
			productReference = 5E869283MAIN4E68B12A3C8B /* AntAttack3D.app */;
			productType = "com.apple.product-type.application";
		};
/* End PBXNativeTarget section */

/* Begin PBXProject section */
		1DC05AA101074E791FB836AD /* Project object */ = {
			isa = PBXProject;
			attributes = {
				BuildIndependentTargetsInParallel = 1;
				LastSwiftUpdateCheck = 1500;
				LastUpgradeCheck = 1500;
				TargetAttributes = {
					28C508D000C3433583C273E5 = {
						CreatedOnToolsVersion = 15.0;
					};
				};
			};
			buildConfigurationList = BAEE2E6D7CC3457580A320E2 /* Build configuration list for PBXProject "AntAttack3D" */;
			compatibilityVersion = "Xcode 14.0";
			developmentRegion = en;
			hasScannedForEncodings = 0;
			knownRegions = (
				en,
				Base,
			);
			mainGroup = AEAC2E8900904CDF80853F55;
			productRefGroup = F77C6F8400B241C09130B74D /* Products */;
			projectDirPath = "";
			projectRoot = "";
			targets = (
				28C508D000C3433583C273E5 /* AntAttack3D */,
			);
		};
/* End PBXProject section */

/* Begin PBXResourcesBuildPhase section */
		BAEE2E6D00F6457580A320E2 /* Resources */ = {
			isa = PBXResourcesBuildPhase;
			buildActionMask = 2147483647;
			files = (
				AA123456789ABCDEF0123456 /* ant_attack_original.json in Resources */,
			
				346435613163373830393966 /* GKGameCenterConfiguration.plist in Resources */,
				LS1234567890ABCDEF02 /* LaunchScreen.storyboard in Resources */,);
			runOnlyForDeploymentPostprocessing = 0;
		};
/* End PBXResourcesBuildPhase section */

/* Begin PBXSourcesBuildPhase section */
		F0E8FDFA00E5DAD4BDAA1D5A /* Sources */ = {
			isa = PBXSourcesBuildPhase;
			buildActionMask = 2147483647;
			files = (
				0CB7AF872EC798C200388210 /* LeaderboardScene3D.swift in Sources */,
				0CB7AF882EC798C200388210 /* MainNavigationController.swift in Sources */,
				0CB7AF892EC798C200388210 /* TitleScene3D.swift in Sources */,
				0CB7AF8A2EC798C200388210 /* GameCenterManager.swift in Sources */,
				0CB7AF8B2EC798C200388210 /* AboutScene3D.swift in Sources */,
				7038269C001F40A19E912B72 /* AppDelegate3D.swift in Sources */,
				9B3C8709002A41139AE80306 /* GameViewController3D.swift in Sources */,
				085B4AB8003B465398DAB2F0 /* GameScene3D.swift in Sources */,
				FD2EB4EF814B4723BC4494C7 /* GameConstants.swift in Sources */,
				D9E9730A004C4AACA7FB2D40 /* CityMap3D.swift in Sources */,
				CF123456789ABCDEF0123456 /* ConfigManager.swift in Sources */,
				EB123456789ABCDEF0123456 /* EnemyBall.swift in Sources */,
				HO123456789ABCDEF0123456 /* Hostage.swift in Sources */,
							9AFF243FA13644ADABBB0060 /* GameSystem.swift in Sources */,
				5B328E38AB2D48A6811D79E0 /* CameraSystem.swift in Sources */,
				9DC8C5201340431C829C9993 /* PhysicsSystem.swift in Sources */,
				89A60E1785E8419699FCE362 /* AISystem.swift in Sources */,
				D3539622C7824CBD9015AE77 /* GameStateSystem.swift in Sources */,
				F5CEF05962F8454EBE433357 /* SpawnSystem.swift in Sources */,
				C6FF39D58FE54BFDBD37DCA6 /* InputProvider.swift in Sources */,
				F70A464B3CD048E3BE34FDE3 /* InputManager.swift in Sources */,
				8247A2FE17CC49F8913C081D /* HUDManager.swift in Sources */,
				CCED0F299F8B48B9B6E4A2A5 /* InputProvider.swift in Sources */,
				2CC5CA980CAD437ABAC12053 /* InputManager.swift in Sources */,
);
			runOnlyForDeploymentPostprocessing = 0;
		};
/* End PBXSourcesBuildPhase section */

/* Begin XCBuildConfiguration section */
		BAEE2E6D7CC3457580A320E3 /* Debug */ = {
			isa = XCBuildConfiguration;
			buildSettings = {
				ALWAYS_SEARCH_USER_PATHS = NO;
				CLANG_ANALYZER_NONNULL = YES;
				CLANG_ANALYZER_NUMBER_OBJECT_CONVERSION = YES_AGGRESSIVE;
				CLANG_CXX_LANGUAGE_STANDARD = "gnu++20";
				CLANG_ENABLE_MODULES = YES;
				CLANG_ENABLE_OBJC_ARC = YES;
				CLANG_ENABLE_OBJC_WEAK = YES;
				CLANG_WARN_BLOCK_CAPTURE_AUTORELEASING = YES;
				CLANG_WARN_BOOL_CONVERSION = YES;
				CLANG_WARN_COMMA = YES;
				CLANG_WARN_CONSTANT_CONVERSION = YES;
				CLANG_WARN_DEPRECATED_OBJC_IMPLEMENTATIONS = YES;
				CLANG_WARN_DIRECT_OBJC_ISA_USAGE = YES_ERROR;
				CLANG_WARN_DOCUMENTATION_COMMENTS = YES;
				CLANG_WARN_EMPTY_BODY = YES;
				CLANG_WARN_ENUM_CONVERSION = YES;
				CLANG_WARN_INFINITE_RECURSION = YES;
				CLANG_WARN_INT_CONVERSION = YES;
				CLANG_WARN_NON_LITERAL_NULL_CONVERSION = YES;
				CLANG_WARN_OBJC_IMPLICIT_RETAIN_SELF = YES;
				CLANG_WARN_OBJC_LITERAL_CONVERSION = YES;
				CLANG_WARN_OBJC_ROOT_CLASS = YES_ERROR;
				CLANG_WARN_QUOTED_INCLUDE_IN_FRAMEWORK_HEADER = YES;
				CLANG_WARN_RANGE_LOOP_ANALYSIS = YES;
				CLANG_WARN_STRICT_PROTOTYPES = YES;
				CLANG_WARN_SUSPICIOUS_MOVE = YES;
				CLANG_WARN_UNGUARDED_AVAILABILITY = YES_AGGRESSIVE;
				CLANG_WARN_UNREACHABLE_CODE = YES;
				CLANG_WARN__DUPLICATE_METHOD_MATCH = YES;
				COPY_PHASE_STRIP = NO;
				DEBUG_INFORMATION_FORMAT = dwarf;
				ENABLE_STRICT_OBJC_MSGSEND = YES;
				ENABLE_TESTABILITY = YES;
				GCC_C_LANGUAGE_STANDARD = gnu11;
				GCC_DYNAMIC_NO_PIC = NO;
				GCC_NO_COMMON_BLOCKS = YES;
				GCC_OPTIMIZATION_LEVEL = 0;
				GCC_PREPROCESSOR_DEFINITIONS = (
					"DEBUG=1",
					"$(inherited)",
				);
				GCC_WARN_64_TO_32_BIT_CONVERSION = YES;
				GCC_WARN_ABOUT_RETURN_TYPE = YES_ERROR;
				GCC_WARN_UNDECLARED_SELECTOR = YES;
				GCC_WARN_UNINITIALIZED_AUTOS = YES_AGGRESSIVE;
				GCC_WARN_UNUSED_FUNCTION = YES;
				GCC_WARN_UNUSED_VARIABLE = YES;
				IPHONEOS_DEPLOYMENT_TARGET = 15.0;
				MTL_ENABLE_DEBUG_INFO = INCLUDE_SOURCE;
				MTL_FAST_MATH = YES;
				ONLY_ACTIVE_ARCH = YES;
				SDKROOT = iphoneos;
				SWIFT_ACTIVE_COMPILATION_CONDITIONS = DEBUG;
				SWIFT_OPTIMIZATION_LEVEL = "-Onone";
			};
			name = Debug;
		};
		BAEE2E6D7CC3457580A320E4 /* Release */ = {
			isa = XCBuildConfiguration;
			buildSettings = {
				ALWAYS_SEARCH_USER_PATHS = NO;
				CLANG_ANALYZER_NONNULL = YES;
				CLANG_ANALYZER_NUMBER_OBJECT_CONVERSION = YES_AGGRESSIVE;
				CLANG_CXX_LANGUAGE_STANDARD = "gnu++20";
				CLANG_ENABLE_MODULES = YES;
				CLANG_ENABLE_OBJC_ARC = YES;
				CLANG_ENABLE_OBJC_WEAK = YES;
				CLANG_WARN_BLOCK_CAPTURE_AUTORELEASING = YES;
				CLANG_WARN_BOOL_CONVERSION = YES;
				CLANG_WARN_COMMA = YES;
				CLANG_WARN_CONSTANT_CONVERSION = YES;
				CLANG_WARN_DEPRECATED_OBJC_IMPLEMENTATIONS = YES;
				CLANG_WARN_DIRECT_OBJC_ISA_USAGE = YES_ERROR;
				CLANG_WARN_DOCUMENTATION_COMMENTS = YES;
				CLANG_WARN_EMPTY_BODY = YES;
				CLANG_WARN_ENUM_CONVERSION = YES;
				CLANG_WARN_INFINITE_RECURSION = YES;
				CLANG_WARN_INT_CONVERSION = YES;
				CLANG_WARN_NON_LITERAL_NULL_CONVERSION = YES;
				CLANG_WARN_OBJC_IMPLICIT_RETAIN_SELF = YES;
				CLANG_WARN_OBJC_LITERAL_CONVERSION = YES;
				CLANG_WARN_OBJC_ROOT_CLASS = YES_ERROR;
				CLANG_WARN_QUOTED_INCLUDE_IN_FRAMEWORK_HEADER = YES;
				CLANG_WARN_RANGE_LOOP_ANALYSIS = YES;
				CLANG_WARN_STRICT_PROTOTYPES = YES;
				CLANG_WARN_SUSPICIOUS_MOVE = YES;
				CLANG_WARN_UNGUARDED_AVAILABILITY = YES_AGGRESSIVE;
				CLANG_WARN_UNREACHABLE_CODE = YES;
				CLANG_WARN__DUPLICATE_METHOD_MATCH = YES;
				COPY_PHASE_STRIP = NO;
				DEBUG_INFORMATION_FORMAT = "dwarf-with-dsym";
				ENABLE_NS_ASSERTIONS = NO;
				ENABLE_STRICT_OBJC_MSGSEND = YES;
				GCC_C_LANGUAGE_STANDARD = gnu11;
				GCC_NO_COMMON_BLOCKS = YES;
				GCC_WARN_64_TO_32_BIT_CONVERSION = YES;
				GCC_WARN_ABOUT_RETURN_TYPE = YES_ERROR;
				GCC_WARN_UNDECLARED_SELECTOR = YES;
				GCC_WARN_UNINITIALIZED_AUTOS = YES_AGGRESSIVE;
				GCC_WARN_UNUSED_FUNCTION = YES;
				GCC_WARN_UNUSED_VARIABLE = YES;
				IPHONEOS_DEPLOYMENT_TARGET = 15.0;
				MTL_ENABLE_DEBUG_INFO = NO;
				MTL_FAST_MATH = YES;
				SDKROOT = iphoneos;
				SWIFT_COMPILATION_MODE = wholemodule;
				SWIFT_OPTIMIZATION_LEVEL = "-O";
			};
			name = Release;
		};
		C1ACF4B4CE79FB5E9C264CB4 /* Debug */ = {
			isa = XCBuildConfiguration;
			buildSettings = {
				ASSETCATALOG_COMPILER_APPICON_NAME = AppIcon;
				CODE_SIGN_ENTITLEMENTS = AntAttack3D/AntAttack3DDebug.entitlements;
				CODE_SIGN_STYLE = Automatic;
				CURRENT_PROJECT_VERSION = 1;
				DEVELOPMENT_TEAM = 63328J83Q8;
				INFOPLIST_FILE = AntAttack3D/Info.plist;
				IPHONEOS_DEPLOYMENT_TARGET = 15.0;
				LD_RUNPATH_SEARCH_PATHS = (
					"$(inherited)",
					"@executable_path/Frameworks",
				);
				MARKETING_VERSION = 1.0;
				PRODUCT_BUNDLE_IDENTIFIER = "com.jeoliver.AI-AntAttack3D";
				PRODUCT_NAME = "$(TARGET_NAME)";
				SDKROOT = iphoneos;
				SWIFT_VERSION = 5.0;
				TARGETED_DEVICE_FAMILY = "1,2";
				VALIDATE_PRODUCT = NO;
			};
			name = Debug;
		};
		C1ACF4B4CE79FB5E9C264CB5 /* Release */ = {
			isa = XCBuildConfiguration;
			buildSettings = {
				ASSETCATALOG_COMPILER_APPICON_NAME = AppIcon;
				CODE_SIGN_ENTITLEMENTS = AntAttack3D/AntAttack3D.entitlements;
				CODE_SIGN_STYLE = Automatic;
				CURRENT_PROJECT_VERSION = 1;
				DEVELOPMENT_TEAM = 63328J83Q8;
				INFOPLIST_FILE = AntAttack3D/Info.plist;
				IPHONEOS_DEPLOYMENT_TARGET = 15.0;
				LD_RUNPATH_SEARCH_PATHS = (
					"$(inherited)",
					"@executable_path/Frameworks",
				);
				MARKETING_VERSION = 1.0;
				PRODUCT_BUNDLE_IDENTIFIER = "com.jeoliver.AI-AntAttack3D";
				PRODUCT_NAME = "$(TARGET_NAME)";
				SDKROOT = iphoneos;
				SWIFT_VERSION = 5.0;
				TARGETED_DEVICE_FAMILY = "1,2";
				VALIDATE_PRODUCT = YES;
			};
			name = Release;
		};
/* End XCBuildConfiguration section */

/* Begin XCConfigurationList section */
		BAEE2E6D7CC3457580A320E2 /* Build configuration list for PBXProject "AntAttack3D" */ = {
			isa = XCConfigurationList;
			buildConfigurations = (
				BAEE2E6D7CC3457580A320E3 /* Debug */,
				BAEE2E6D7CC3457580A320E4 /* Release */,
			);
			defaultConfigurationIsVisible = 0;
			defaultConfigurationName = Release;
		};
		C1ACF4B400D4CE79FB5E9C26 /* Build configuration list for PBXNativeTarget "AntAttack3D" */ = {
			isa = XCConfigurationList;
			buildConfigurations = (
				C1ACF4B4CE79FB5E9C264CB4 /* Debug */,
				C1ACF4B4CE79FB5E9C264CB5 /* Release */,
			);
			defaultConfigurationIsVisible = 0;
			defaultConfigurationName = Release;
		};
/* End XCConfigurationList section */
	};
	rootObject = 1DC05AA101074E791FB836AD /* Project object */;
}
